%{"basic_auth": {:hex, :basic_auth, "1.0.0", "fc16c423023f4e855d9be3e8a5faa5ca5affc34efff72f75a293362566fc696f", [:mix], [{:cowboy, "~> 1.0", [hex: :cowboy, optional: false]}, {:plug, "~> 0.14 or ~> 1.0", [hex: :plug, optional: false]}]},
  "bcrypt": {:git, "https://github.com/opscode/erlang-bcrypt.git", "820283b0d329368f298afd22038340c888689a39", [tag: "0.5.0.3"]},
  "bitfield": {:hex, :bitfield, "1.0.0", "52e73c2f8838c078e6279ae302427ec92893083e6f129f68b146fba0ece8e47a", [:mix], []},
  "calendar": {:hex, :calendar, "0.16.1", "782327ad8bae7c797b887840dc4ddb933f05ce6e333e5b04964d7a5d5f79bde3", [:mix], [{:tzdata, "~> 0.5.8 or ~> 0.1.201603", [hex: :tzdata, optional: false]}]},
  "certifi": {:hex, :certifi, "0.4.0", "a7966efb868b179023618d29a407548f70c52466bf1849b9e8ebd0e34b7ea11f", [:rebar3], []},
  "con_cache": {:hex, :con_cache, "0.11.1", "acbe5a1d10c47faba30d9629c9121e1ef9bca0aa5eddbb86f4e777bd9f9f9b6f", [:mix], [{:exactor, "~> 2.2.0", [hex: :exactor, optional: false]}]},
  "concerto": {:hex, :concerto, "0.1.4", "4c4a0c4208aef8f094035d0cc8c6db3aea32726cdea1a6d41a89b04037339f64", [:mix], []},
  "cowboy": {:hex, :cowboy, "1.0.4", "a324a8df9f2316c833a470d918aaf73ae894278b8aa6226ce7a9bf699388f878", [:rebar, :make], [{:cowlib, "~> 1.0.0", [hex: :cowlib, optional: false]}, {:ranch, "~> 1.0", [hex: :ranch, optional: false]}]},
  "cowlib": {:hex, :cowlib, "1.0.2", "9d769a1d062c9c3ac753096f868ca121e2730b9a377de23dec0f7e08b1df84ee", [:make], []},
  "decimal": {:hex, :decimal, "1.1.1", "a8ff5b673105e6cdaca96f799aeefc6f07142881b616c65db16e14e556b16e76", [:mix], []},
  "ecto": {:hex, :ecto, "1.0.7", "d8deca5d5a03e7c9ed4821e6f1f85dad736aca960785f154e3a8c1bee1aeaa13", [:mix], [{:decimal, "~> 1.0", [hex: :decimal, optional: false]}, {:mariaex, "~> 0.4.1", [hex: :mariaex, optional: true]}, {:poison, "~> 1.0", [hex: :poison, optional: true]}, {:poolboy, "~> 1.4", [hex: :poolboy, optional: false]}, {:postgrex, "~> 0.9.1", [hex: :postgrex, optional: true]}, {:sbroker, "~> 0.7", [hex: :sbroker, optional: true]}]},
  "edown": {:hex, :edown, "0.7.0", "6803599606b10f8e328d6d60c44cd16244cd2429908894c415fce4211c3bfefd", [:rebar, :rebar, :make], []},
  "erlpass": {:git, "https://github.com/ferd/erlpass.git", "1e231e3645eb097606328e8e302ba45d145af943", [ref: "1e231e3645eb097606328e8e302ba45d145af943"]},
  "etude": {:hex, :etude, "0.3.7", "540f38a94bddd96cfd9e26a5336dcbc846a636906ac1780056e35dd37908b56e", [:mix], [{:lineo, "~> 0.1.0", [hex: :lineo, optional: false]}, {:rebind, "~> 0.1.0", [hex: :rebind, optional: false]}]},
  "exactor": {:hex, :exactor, "2.2.0", "2a7418b82d974fe8276edd62c1facf4a9dc06339cdf11b5dcd10359e107fe5c3", [:mix], []},
  "exjson": {:hex, :exjson, "0.6.0", "6aa374ff30e5626d3d6ed18b1b829f8ffa40a7345a353f3e1e769f9917f5a704", [:mix], []},
  "exml": {:hex, :exml, "0.1.0"},
  "floki": {:hex, :floki, "0.8.0", "3ee6f8358e9f820d80f8211558458364cd137d1a7b362eb1d1989120dc288fa9", [:mix], [{:mochiweb_html, "~> 2.13", [hex: :mochiweb_html, optional: false]}]},
  "fugue": {:hex, :fugue, "0.1.3", "7fa8d0f82603d02ebfb719ffb389bbf69a80d0b02addb889f18c9613c3ca5fe0", [:mix], [{:plug, "~> 1.0", [hex: :plug, optional: true]}]},
  "hackney": {:hex, :hackney, "1.6.1", "ddd22d42db2b50e6a155439c8811b8f6df61a4395de10509714ad2751c6da817", [:rebar3], [{:certifi, "0.4.0", [hex: :certifi, optional: false]}, {:idna, "1.2.0", [hex: :idna, optional: false]}, {:metrics, "1.0.1", [hex: :metrics, optional: false]}, {:mimerl, "1.0.2", [hex: :mimerl, optional: false]}, {:ssl_verify_fun, "1.1.0", [hex: :ssl_verify_fun, optional: false]}]},
  "html_builder": {:hex, :html_builder, "0.1.0", "7cf6055cf69964cbd109c5dbb52d01e831741a585c4f19f33d07fe4ad28bd626", [:mix], []},
  "html_entities": {:hex, :html_entities, "0.3.0", "2f278ffc69c3f0cbd5996628fef37cf922fa715f3e04b9f38924c8adced3f25a", [:mix], []},
  "httpoison": {:hex, :httpoison, "0.9.1", "6c2b4eaf2588a6f3ef29663d28c992531ca3f0bc832a97e0359bc822978e1c5d", [:mix], [{:hackney, "~> 1.6.0", [hex: :hackney, optional: false]}]},
  "idna": {:hex, :idna, "1.2.0", "ac62ee99da068f43c50dc69acf700e03a62a348360126260e87f2b54eced86b2", [:rebar3], []},
  "jsx": {:hex, :jsx, "2.8.0", "749bec6d205c694ae1786d62cea6cc45a390437e24835fd16d12d74f07097727", [:mix, :rebar], []},
  "lineo": {:hex, :lineo, "0.1.0", "3b6c5f6a22336d7eaaa177b9392f26da6be76ebad6f87b4e84a10463820bb893", [:mix], []},
  "mazurka": {:hex, :mazurka, "1.0.3", "aa69a3c0c751bc0d684926fc0381c1b7ab0180145575185ab2cbd4c1dbf57e8f", [:mix], [{:mimetype_parser, "~> 0.1.0", [hex: :mimetype_parser, optional: false]}]},
  "metrics": {:hex, :metrics, "1.0.1", "25f094dea2cda98213cecc3aeff09e940299d950904393b2a29d191c346a8486", [:rebar3], []},
  "mimerl": {:hex, :mimerl, "1.0.2", "993f9b0e084083405ed8252b99460c4f0563e41729ab42d9074fd5e52439be88", [:rebar3], []},
  "mimetype_parser": {:hex, :mimetype_parser, "0.1.2", "221d2d3f727e89d80de5e1610fc2ce444514aa56f873da1b8fc9c033143e5d6a", [:mix], []},
  "mochiweb_html": {:hex, :mochiweb_html, "2.13.0", "795b100f757681939e2c52ab042e773af6e5602f04f4e2ea19baea832b541c08", [:rebar3], []},
  "msgpax": {:hex, :msgpax, "0.8.2", "0e83d86e7cbf1bdcf7b870c25951df042ec19f9804a1a9c2fa59091a43ee2886", [:mix], []},
  "parse_trans": {:hex, :parse_trans, "2.9.0", "3f5f7b402928fb9fd200c891e635de909045d1efac40ce3f924d3892898f85eb", [:rebar, :rebar], [{:edown, "> 0.0.0", [hex: :edown, optional: false]}]},
  "pkcs7": {:hex, :pkcs7, "1.0.2", "cd9d50177bfbd3fd80e8bc79d2941d3b2968b64bd1151ef3e54d8c4b2605ed7e", [:mix], []},
  "plug": {:hex, :plug, "0.13.1", "a1b3bd841400471203ee413277e5cf13f8ca59215e61736f4b2f7def9ea98612", [:mix], [{:cowboy, "~> 1.0", [hex: :cowboy, optional: true]}]},
  "plug_accept_language": {:hex, :plug_accept_language, "0.1.0", "2af0d48a0e8c32d78688ba870e1fef13821bea4a4a71959fb2989aa5c51fb858", [:mix], []},
  "plug_wait1": {:hex, :plug_wait1, "0.1.4", "627e9419edc1689217aae5a3333f62fe5ec50ef38380661906a936c4fb3e2027", [:mix], [{:cowboy, ">= 1.0.0", [hex: :cowboy, optional: false]}, {:plug, "~> 0.13.0", [hex: :plug, optional: false]}, {:poison, "~> 1.3.1", [hex: :poison, optional: false]}]},
  "plug_x_forwarded_for": {:hex, :plug_x_forwarded_for, "0.1.0", "7b69351d17b023b4d8c419a65837b9790451fda38400efeb6e71ddc694ff8256", [:mix], []},
  "poe_api": {:git, "https://github.com/poegroup/poe-api.git", "34c81ca19566ad85988a1f0178935d95519b5bc3", []},
  "poison": {:hex, :poison, "2.2.0", "4763b69a8a77bd77d26f477d196428b741261a761257ff1cf92753a0d4d24a63", [:mix], []},
  "poolboy": {:hex, :poolboy, "1.5.1", "6b46163901cfd0a1b43d692657ed9d7e599853b3b21b95ae5ae0a777cf9b6ca8", [:rebar], []},
  "ranch": {:hex, :ranch, "1.2.1", "a6fb992c10f2187b46ffd17ce398ddf8a54f691b81768f9ef5f461ea7e28c762", [:make], []},
  "rebind": {:hex, :rebind, "0.1.3", "5f807fdfb5adc221f16e4e79f6f6ac81ab81b3d2c2038f33a84071666bffa5a0", [:mix], []},
  "rl": {:git, "https://github.com/camshaft/rl.git", "2f9b194fe6faf3681913bbdddb3ccfa338f869cd", []},
  "simple_env": {:git, "https://github.com/camshaft/simple_env.git", "1a1ed6717397110fb66d01c73f7052a3a19debf8", []},
  "simple_secrets": {:hex, :simple_secrets, "1.0.0", "8d3896056171b66c0b87b09240ad650af30ff4d5ef830df74130df1da45e26c8", [:mix], [{:msgpax, "~> 0.8", [hex: :msgpax, optional: false]}, {:pkcs7, "~> 1.0.2", [hex: :pkcs7, optional: false]}]},
  "ssl_verify_fun": {:hex, :ssl_verify_fun, "1.1.0", "edee20847c42e379bf91261db474ffbe373f8acb56e9079acb6038d4e0bf414f", [:rebar, :make], []},
  "sweet_xml": {:hex, :sweet_xml, "0.6.1", "a56f235171f35a32807ce44798dedc748ce249fca574674fecd29c1321cab0de", [:mix], []},
  "tzdata": {:hex, :tzdata, "0.5.9", "575be217b039057a47e133b72838cbe104fb5329b19906ea4e66857001c37edb", [:mix], [{:hackney, "~> 1.0", [hex: :hackney, optional: false]}]},
  "virus_total": {:hex, :virus_total, "0.0.1", "158ac7c698cf5c0de59a743e0ad12c8592a8dfac664eedcf2a8784ab77063200", [:mix], [{:httpoison, "~> 0.8.0", [hex: :httpoison, optional: false]}, {:jsx, "~> 2.6", [hex: :jsx, optional: false]}]},
  "xml_builder": {:hex, :xml_builder, "0.0.8", "dea10735e15c91e24582e41ee2d3282b7f0177a5b42d6268096a6221ba83226f", [:mix], []}}
