%{"cachex": {:hex, :cachex, "2.0.0", "be7bba9862f2e587baffa4b7fe09815e4996ee5e9e0eaae361c503d9052c716e", [:mix], [{:eternal, "~> 1.1", [hex: :eternal, optional: false]}]},
  "calendar": {:hex, :calendar, "0.16.1", "782327ad8bae7c797b887840dc4ddb933f05ce6e333e5b04964d7a5d5f79bde3", [:mix], [{:tzdata, "~> 0.5.8 or ~> 0.1.201603", [hex: :tzdata, optional: false]}]},
  "certifi": {:hex, :certifi, "0.7.0", "861a57f3808f7eb0c2d1802afeaae0fa5de813b0df0979153cbafcd853ababaf", [:rebar3], []},
  "concerto": {:hex, :concerto, "0.1.4", "4c4a0c4208aef8f094035d0cc8c6db3aea32726cdea1a6d41a89b04037339f64", [:mix], []},
  "concerto_plug": {:hex, :concerto_plug, "0.1.2", "56732a0209b5e241d36b1fcabe739c283b34091f998a208bbc07b2b39f08ff54", [:mix], [{:concerto, ">= 0.0.0", [hex: :concerto, optional: false]}, {:plug, ">= 0.0.0", [hex: :plug, optional: false]}]},
  "cowboy": {:hex, :cowboy, "1.0.4", "a324a8df9f2316c833a470d918aaf73ae894278b8aa6226ce7a9bf699388f878", [], [{:cowlib, "~> 1.0.0", [hex: :cowlib, optional: false]}, {:ranch, "~> 1.0", [hex: :ranch, optional: false]}]},
  "cowlib": {:hex, :cowlib, "1.0.2", "9d769a1d062c9c3ac753096f868ca121e2730b9a377de23dec0f7e08b1df84ee", [], []},
  "deppie": {:hex, :deppie, "1.0.0", "ec1207cdadf7c81aea171cb8acc68fc0eb1a8f6015ad785e6b5001dbb2a7d7ea", [:mix], []},
  "eternal": {:hex, :eternal, "1.1.3", "e9193326d9f8475bdc75a3e8cc83aa317449c5aeb41b315d6e1b67068075f028", [:mix], [{:deppie, "~> 1.0", [hex: :deppie, optional: false]}]},
  "floki": {:hex, :floki, "0.11.0", "b4532ab64d67225f13f5626e4ba1b8cf3ee9d5bd48017075bb975e1522efd32d", [:mix], [{:mochiweb, "~> 2.15", [hex: :mochiweb, optional: false]}]},
  "fugue": {:hex, :fugue, "0.1.5", "25af8071cff5c625210ec3a5e47d95f05ee86c8c2224594c64cbf59ee9c71fbe", [:mix], [{:mimetype_parser, "~> 0.1.0", [hex: :mimetype_parser, optional: false]}, {:plug, ">= 1.2.0", [hex: :plug, optional: true]}, {:poison, ">= 0.0.0", [hex: :poison, optional: true]}]},
  "hackney": {:hex, :hackney, "1.6.3", "d489d7ca2d4323e307bedc4bfe684323a7bf773ecfd77938f3ee8074e488e140", [:mix, :rebar3], [{:certifi, "0.7.0", [hex: :certifi, optional: false]}, {:idna, "1.2.0", [hex: :idna, optional: false]}, {:metrics, "1.0.1", [hex: :metrics, optional: false]}, {:mimerl, "1.0.2", [hex: :mimerl, optional: false]}, {:ssl_verify_fun, "1.1.1", [hex: :ssl_verify_fun, optional: false]}]},
  "html_entities": {:hex, :html_entities, "0.3.0", "2f278ffc69c3f0cbd5996628fef37cf922fa715f3e04b9f38924c8adced3f25a", [], []},
  "httpoison": {:hex, :httpoison, "0.10.0", "4727b3a5e57e9a4ff168a3c2883e20f1208103a41bccc4754f15a9366f49b676", [:mix], [{:hackney, "~> 1.6.3", [hex: :hackney, optional: false]}]},
  "idna": {:hex, :idna, "1.2.0", "ac62ee99da068f43c50dc69acf700e03a62a348360126260e87f2b54eced86b2", [], []},
  "mazurka": {:hex, :mazurka, "1.0.5", "d5f410a1edac949dd3d85cef6385aeb38a778f45d979ee3d52e753f6aba3cbca", [:mix], [{:mimetype_parser, "~> 0.1.0", [hex: :mimetype_parser, optional: false]}]},
  "mazurka_plug": {:hex, :mazurka_plug, "0.1.3", "a4bf749716580e273efc973bc67fbfa8d48277173ba7d4907debaa8b5149419d", [:mix], [{:fugue, ">= 0.1.0", [hex: :fugue, optional: false]}, {:mazurka, ">= 1.0.0", [hex: :mazurka, optional: false]}, {:plug, ">= 0.0.0", [hex: :plug, optional: false]}, {:poison, ">= 2.2.0", [hex: :poison, optional: false]}]},
  "metrics": {:hex, :metrics, "1.0.1", "25f094dea2cda98213cecc3aeff09e940299d950904393b2a29d191c346a8486", [], []},
  "mime": {:hex, :mime, "1.0.1", "05c393850524767d13a53627df71beeebb016205eb43bfbd92d14d24ec7a1b51", [:mix], []},
  "mimerl": {:hex, :mimerl, "1.0.2", "993f9b0e084083405ed8252b99460c4f0563e41729ab42d9074fd5e52439be88", [], []},
  "mimetype_parser": {:hex, :mimetype_parser, "0.1.2", "221d2d3f727e89d80de5e1610fc2ce444514aa56f873da1b8fc9c033143e5d6a", [:mix], []},
  "mochiweb": {:hex, :mochiweb, "2.15.0", "e1daac474df07651e5d17cc1e642c4069c7850dc4508d3db7263a0651330aacc", [:rebar3], []},
  "msgpax": {:hex, :msgpax, "0.8.2", "0e83d86e7cbf1bdcf7b870c25951df042ec19f9804a1a9c2fa59091a43ee2886", [], []},
  "pkcs7": {:hex, :pkcs7, "1.0.2", "cd9d50177bfbd3fd80e8bc79d2941d3b2968b64bd1151ef3e54d8c4b2605ed7e", [], []},
  "plug": {:hex, :plug, "1.2.2", "cfbda521b54c92ab8ddffb173fbaabed8d8fc94bec07cd9bb58a84c1c501b0bd", [:mix], [{:cowboy, "~> 1.0", [hex: :cowboy, optional: true]}, {:mime, "~> 1.0", [hex: :mime, optional: false]}]},
  "plug_wait1": {:hex, :plug_wait1, "0.2.2", "fa49d8b7735545feb254c1d61e1e5901e67dc32bd0fc41ceb25f2b9cbd83a8b0", [:mix], [{:cowboy, ">= 1.0.0", [hex: :cowboy, optional: false]}, {:plug, "~> 1.2.0", [hex: :plug, optional: false]}, {:poison, "~> 2.2.0", [hex: :poison, optional: false]}]},
  "plug_x_forwarded_proto": {:hex, :plug_x_forwarded_proto, "0.1.0", "75de86f3b79fdc7433b41ba76d294ca13d4bfaa257639c76e46b359e51e48fa6", [:mix], [{:plug, ">= 0.0.0", [hex: :plug, optional: false]}]},
  "poison": {:hex, :poison, "2.2.0", "4763b69a8a77bd77d26f477d196428b741261a761257ff1cf92753a0d4d24a63", [:mix], []},
  "ranch": {:hex, :ranch, "1.2.1", "a6fb992c10f2187b46ffd17ce398ddf8a54f691b81768f9ef5f461ea7e28c762", [], []},
  "rl": {:git, "https://github.com/camshaft/rl.git", "2f9b194fe6faf3681913bbdddb3ccfa338f869cd", []},
  "simple_secrets": {:hex, :simple_secrets, "1.0.0", "8d3896056171b66c0b87b09240ad650af30ff4d5ef830df74130df1da45e26c8", [], [{:msgpax, "~> 0.8", [hex: :msgpax, optional: false]}, {:pkcs7, "~> 1.0.2", [hex: :pkcs7, optional: false]}]},
  "ssl_verify_fun": {:hex, :ssl_verify_fun, "1.1.1", "28a4d65b7f59893bc2c7de786dec1e1555bd742d336043fe644ae956c3497fbe", [:make, :rebar], []},
  "sweet_xml": {:hex, :sweet_xml, "0.6.2", "8f8aadd902dcc62fb85b7a308bb6a083874e97eb51ccddaf855d97c8ffad7d64", [:mix], []},
  "tzdata": {:hex, :tzdata, "0.5.9", "575be217b039057a47e133b72838cbe104fb5329b19906ea4e66857001c37edb", [:mix], [{:hackney, "~> 1.0", [hex: :hackney, optional: false]}]}}
